
Microsoft Visual Studio Solution File, Format Version 12.00
# Visual Studio 15
VisualStudioVersion = 15.0.27004.2006
MinimumVisualStudioVersion = 10.0.40219.1
Project("{FAE04EC0-301F-11D3-BF4B-00C04F79EFBC}") = "HW7", "HW7\HW7.csproj", "{30AB60C1-1BAE-4FAF-A47A-1D13CA2F6CC2}"
EndProject
Global
	GlobalSection(SolutionConfigurationPlatforms) = preSolution
		Debug|Any CPU = Debug|Any CPU
		Release|Any CPU = Release|Any CPU
	EndGlobalSection
	GlobalSection(ProjectConfigurationPlatforms) = postSolution
		{30AB60C1-1BAE-4FAF-A47A-1D13CA2F6CC2}.Debug|Any CPU.ActiveCfg = Debug|Any CPU
		{30AB60C1-1BAE-4FAF-A47A-1D13CA2F6CC2}.Debug|Any CPU.Build.0 = Debug|Any CPU
		{30AB60C1-1BAE-4FAF-A47A-1D13CA2F6CC2}.Release|Any CPU.ActiveCfg = Release|Any CPU
		{30AB60C1-1BAE-4FAF-A47A-1D13CA2F6CC2}.Release|Any CPU.Build.0 = Release|Any CPU
	EndGlobalSection
	GlobalSection(SolutionProperties) = preSolution
		HideSolutionNode = FALSE
	EndGlobalSection
	GlobalSection(ExtensibilityGlobals) = postSolution
		SolutionGuid = {5D742088-CD7D-47F0-AC28-809472286891}
	EndGlobalSection
EndGlobal
