
Microsoft Visual Studio Solution File, Format Version 12.00
# Visual Studio 15
VisualStudioVersion = 15.0.27004.2006
MinimumVisualStudioVersion = 10.0.40219.1
Project("{FAE04EC0-301F-11D3-BF4B-00C04F79EFBC}") = "homework6", "homework6\homework6.csproj", "{37D1760B-33F5-42E1-8A6E-DA5F1ED9BDC5}"
EndProject
Global
	GlobalSection(SolutionConfigurationPlatforms) = preSolution
		Debug|Any CPU = Debug|Any CPU
		Release|Any CPU = Release|Any CPU
	EndGlobalSection
	GlobalSection(ProjectConfigurationPlatforms) = postSolution
		{37D1760B-33F5-42E1-8A6E-DA5F1ED9BDC5}.Debug|Any CPU.ActiveCfg = Debug|Any CPU
		{37D1760B-33F5-42E1-8A6E-DA5F1ED9BDC5}.Debug|Any CPU.Build.0 = Debug|Any CPU
		{37D1760B-33F5-42E1-8A6E-DA5F1ED9BDC5}.Release|Any CPU.ActiveCfg = Release|Any CPU
		{37D1760B-33F5-42E1-8A6E-DA5F1ED9BDC5}.Release|Any CPU.Build.0 = Release|Any CPU
	EndGlobalSection
	GlobalSection(SolutionProperties) = preSolution
		HideSolutionNode = FALSE
	EndGlobalSection
	GlobalSection(ExtensibilityGlobals) = postSolution
		SolutionGuid = {1790D3BE-8BD8-4E6A-8DE7-3E9A17954AC0}
	EndGlobalSection
EndGlobal
